
Microsoft Visual Studio Solution File, Format Version 12.00
# Visual Studio Version 17
VisualStudioVersion = 17.1.32421.90
MinimumVisualStudioVersion = 10.0.40219.1
Project("{FAE04EC0-301F-11D3-BF4B-00C04F79EFBC}") = "DataAccess", "DataAccess\DataAccess.csproj", "{49604F3E-2315-4C07-8E7C-083CE27F389A}"
EndProject
Project("{FAE04EC0-301F-11D3-BF4B-00C04F79EFBC}") = "BusinessObject", "BusinessObject\BusinessObject.csproj", "{43192697-0FD2-4674-ABD6-38A13A792007}"
EndProject
Project("{FAE04EC0-301F-11D3-BF4B-00C04F79EFBC}") = "MyStoreWinApp", "MyStoreWinApp\MyStoreWinApp.csproj", "{66644407-4C2D-4D22-9149-F3AF7570BAB8}"
EndProject
Global
	GlobalSection(SolutionConfigurationPlatforms) = preSolution
		Debug|Any CPU = Debug|Any CPU
		Release|Any CPU = Release|Any CPU
	EndGlobalSection
	GlobalSection(ProjectConfigurationPlatforms) = postSolution
		{49604F3E-2315-4C07-8E7C-083CE27F389A}.Debug|Any CPU.ActiveCfg = Debug|Any CPU
		{49604F3E-2315-4C07-8E7C-083CE27F389A}.Debug|Any CPU.Build.0 = Debug|Any CPU
		{49604F3E-2315-4C07-8E7C-083CE27F389A}.Release|Any CPU.ActiveCfg = Release|Any CPU
		{49604F3E-2315-4C07-8E7C-083CE27F389A}.Release|Any CPU.Build.0 = Release|Any CPU
		{43192697-0FD2-4674-ABD6-38A13A792007}.Debug|Any CPU.ActiveCfg = Debug|Any CPU
		{43192697-0FD2-4674-ABD6-38A13A792007}.Debug|Any CPU.Build.0 = Debug|Any CPU
		{43192697-0FD2-4674-ABD6-38A13A792007}.Release|Any CPU.ActiveCfg = Release|Any CPU
		{43192697-0FD2-4674-ABD6-38A13A792007}.Release|Any CPU.Build.0 = Release|Any CPU
		{66644407-4C2D-4D22-9149-F3AF7570BAB8}.Debug|Any CPU.ActiveCfg = Debug|Any CPU
		{66644407-4C2D-4D22-9149-F3AF7570BAB8}.Debug|Any CPU.Build.0 = Debug|Any CPU
		{66644407-4C2D-4D22-9149-F3AF7570BAB8}.Release|Any CPU.ActiveCfg = Release|Any CPU
		{66644407-4C2D-4D22-9149-F3AF7570BAB8}.Release|Any CPU.Build.0 = Release|Any CPU
	EndGlobalSection
	GlobalSection(SolutionProperties) = preSolution
		HideSolutionNode = FALSE
	EndGlobalSection
	GlobalSection(ExtensibilityGlobals) = postSolution
		SolutionGuid = {6FF9FC1F-B1B6-403C-AB3B-34F356D7D6EA}
	EndGlobalSection
EndGlobal
